
Microsoft Visual Studio Solution File, Format Version 12.00
# Visual Studio Version 16
VisualStudioVersion = 16.0.31515.178
MinimumVisualStudioVersion = 10.0.40219.1
Project("{9A19103F-16F7-4668-BE54-9A1E7A4F7556}") = "StreamImage", "StreamImage\StreamImage.csproj", "{A747F1E5-D560-4AB8-9FA7-36E7B62EB860}"
EndProject
Project("{2150E333-8FDC-42A3-9474-1A3956D46DE8}") = "Extra", "Extra", "{49DBA910-AE05-4ACF-B6E4-BE829BB54C4A}"
	ProjectSection(SolutionItems) = preProject
		.gitignore = .gitignore
		README.md = README.md
	EndProjectSection
EndProject
Global
	GlobalSection(SolutionConfigurationPlatforms) = preSolution
		Debug|Any CPU = Debug|Any CPU
		Release|Any CPU = Release|Any CPU
	EndGlobalSection
	GlobalSection(ProjectConfigurationPlatforms) = postSolution
		{A747F1E5-D560-4AB8-9FA7-36E7B62EB860}.Debug|Any CPU.ActiveCfg = Debug|Any CPU
		{A747F1E5-D560-4AB8-9FA7-36E7B62EB860}.Debug|Any CPU.Build.0 = Debug|Any CPU
		{A747F1E5-D560-4AB8-9FA7-36E7B62EB860}.Release|Any CPU.ActiveCfg = Release|Any CPU
		{A747F1E5-D560-4AB8-9FA7-36E7B62EB860}.Release|Any CPU.Build.0 = Release|Any CPU
	EndGlobalSection
	GlobalSection(SolutionProperties) = preSolution
		HideSolutionNode = FALSE
	EndGlobalSection
	GlobalSection(ExtensibilityGlobals) = postSolution
		SolutionGuid = {984CE5B4-A4D6-416E-8ECE-A0A0F271B81F}
	EndGlobalSection
EndGlobal
